{
  "lockfile_version": "1",
  "packages": {
    "cloud-utils@latest": {
      "last_modified": "2025-07-13T22:45:35Z",
      "resolved": "github:NixOS/nixpkgs/a421ac6595024edcfbb1ef950a3712b89161c359#cloud-utils",
      "source": "devbox-search",
      "version": "0.33",
      "systems": {
        "aarch64-darwin": {
          "outputs": [
            {
              "name": "out",
              "path": "/nix/store/5vg95kz6piixy086pzld0aprs19krl86-cloud-utils-0.33",
              "default": true
            },
            {
              "name": "guest",
              "path": "/nix/store/hp608rh4n25ygi2kwlwjc7gq635bfh1v-cloud-utils-0.33-guest"
            }
          ],
          "store_path": "/nix/store/5vg95kz6piixy086pzld0aprs19krl86-cloud-utils-0.33"
        },
        "aarch64-linux": {
          "outputs": [
            {
              "name": "out",
              "path": "/nix/store/0a10j1hbhsxrgxm3yx1cilayasmdk8ab-cloud-utils-0.33",
              "default": true
            },
            {
              "name": "guest",
              "path": "/nix/store/85zjwxli6d43dj93inzb6lwqm11wlyf2-cloud-utils-0.33-guest"
            }
          ],
          "store_path": "/nix/store/0a10j1hbhsxrgxm3yx1cilayasmdk8ab-cloud-utils-0.33"
        },
        "x86_64-darwin": {
          "outputs": [
            {
              "name": "out",
              "path": "/nix/store/p1sk2yzyn42za8s39s615wmjhbj1f6b5-cloud-utils-0.33",
              "default": true
            },
            {
              "name": "guest",
              "path": "/nix/store/975xp0x4y4i0bj9x2n9qj1p4s6ng5hiz-cloud-utils-0.33-guest"
            }
          ],
          "store_path": "/nix/store/p1sk2yzyn42za8s39s615wmjhbj1f6b5-cloud-utils-0.33"
        },
        "x86_64-linux": {
          "outputs": [
            {
              "name": "out",
              "path": "/nix/store/j55l0307ggz3daf9xbx47ismf30cnhn3-cloud-utils-0.33",
              "default": true
            },
            {
              "name": "guest",
              "path": "/nix/store/idxqvarqjfmsbdndvimlflalj88zdlj1-cloud-utils-0.33-guest"
            }
          ],
          "store_path": "/nix/store/j55l0307ggz3daf9xbx47ismf30cnhn3-cloud-utils-0.33"
        }
      }
    },
    "expect@latest": {
      "last_modified": "2025-02-07T11:26:36Z",
      "resolved": "github:NixOS/nixpkgs/d98abf5cf5914e5e4e9d57205e3af55ca90ffc1d#expect",
      "source": "devbox-search",
      "version": "5.45.4",
      "systems": {
        "aarch64-darwin": {
          "outputs": [
            {
              "name": "out",
              "path": "/nix/store/pmibmpk5mslip7qnzx9rmxgqnl2j9v9y-expect-5.45.4",
              "default": true
            },
            {
              "name": "dev",
              "path": "/nix/store/gfg7214f78b2hipgx7xzq7f2hgnh4yba-expect-5.45.4-dev"
            }
          ],
          "store_path": "/nix/store/pmibmpk5mslip7qnzx9rmxgqnl2j9v9y-expect-5.45.4"
        },
        "aarch64-linux": {
          "outputs": [
            {
              "name": "out",
              "path": "/nix/store/hxx4irag3yxfpdcgv3kcs5pcmkn3k62b-expect-5.45.4",
              "default": true
            },
            {
              "name": "dev",
              "path": "/nix/store/m46w4834zn5p03v6knzn5ylizj2nfccz-expect-5.45.4-dev"
            }
          ],
          "store_path": "/nix/store/hxx4irag3yxfpdcgv3kcs5pcmkn3k62b-expect-5.45.4"
        },
        "x86_64-darwin": {
          "outputs": [
            {
              "name": "out",
              "path": "/nix/store/h1f4y9wxnbhr71yz2gyi8w60r7vivx4d-expect-5.45.4",
              "default": true
            },
            {
              "name": "dev",
              "path": "/nix/store/f832gwm0ji5abm0x42wfrxvm2z9mzdp2-expect-5.45.4-dev"
            }
          ],
          "store_path": "/nix/store/h1f4y9wxnbhr71yz2gyi8w60r7vivx4d-expect-5.45.4"
        },
        "x86_64-linux": {
          "outputs": [
            {
              "name": "out",
              "path": "/nix/store/qc1ramwi9imvav70wd7v95srg1k6la6x-expect-5.45.4",
              "default": true
            },
            {
              "name": "dev",
              "path": "/nix/store/h142sw02vq16jnbcw7bmznfpfw7hpl7x-expect-5.45.4-dev"
            }
          ],
          "store_path": "/nix/store/qc1ramwi9imvav70wd7v95srg1k6la6x-expect-5.45.4"
        }
      }
    },
    "github:NixOS/nixpkgs/nixpkgs-unstable": {
      "last_modified": "2025-06-24T02:18:21Z",
      "resolved": "github:NixOS/nixpkgs/69dfebb3d175bde602f612915c5576a41b18486b?lastModified=1750731501&narHash=sha256-Ah4qq%2BSbwMaGkuXCibyg%2BFwn00el4KmI3XFX6htfDuk%3D"
    },
    "gnumake@latest": {
      "last_modified": "2025-02-13T13:03:05Z",
      "resolved": "github:NixOS/nixpkgs/1128e89fd5e11bb25aedbfc287733c6502202ea9#gnumake",
      "source": "devbox-search",
      "version": "4.4.1",
      "systems": {
        "aarch64-darwin": {
          "outputs": [
            {
              "name": "out",
              "path": "/nix/store/sbi3qw92i2lmm50agfl6hyys4ns5p1cb-gnumake-4.4.1",
              "default": true
            },
            {
              "name": "man",
              "path": "/nix/store/wy7f1yyfq701271vnrr2f5kzbq14ldwb-gnumake-4.4.1-man",
              "default": true
            },
            {
              "name": "info",
              "path": "/nix/store/hawnsgjd9lxxdwgbs3vmqf0074kdzzwg-gnumake-4.4.1-info"
            }
          ],
          "store_path": "/nix/store/sbi3qw92i2lmm50agfl6hyys4ns5p1cb-gnumake-4.4.1"
        },
        "aarch64-linux": {
          "outputs": [
            {
              "name": "out",
              "path": "/nix/store/m2kxzc7bdf6jryshyx28iiwzhwy9yy4r-gnumake-4.4.1",
              "default": true
            },
            {
              "name": "man",
              "path": "/nix/store/j19np241ay4yhr2713ix78qbxgdywnxd-gnumake-4.4.1-man",
              "default": true
            },
            {
              "name": "debug",
              "path": "/nix/store/wqw8qqdbxjq1ryd83qrp8845j31ymdl2-gnumake-4.4.1-debug"
            },
            {
              "name": "info",
              "path": "/nix/store/xw267hlm12127bsj285iqlylgkds9xcz-gnumake-4.4.1-info"
            }
          ],
          "store_path": "/nix/store/m2kxzc7bdf6jryshyx28iiwzhwy9yy4r-gnumake-4.4.1"
        },
        "x86_64-darwin": {
          "outputs": [
            {
              "name": "out",
              "path": "/nix/store/phxnsrf7p9ydqy9rzm1b2hgifj0sq2jf-gnumake-4.4.1",
              "default": true
            },
            {
              "name": "man",
              "path": "/nix/store/4hxywqd01lg9llz89xhpnkvbhs7kviw9-gnumake-4.4.1-man",
              "default": true
            },
            {
              "name": "info",
              "path": "/nix/store/6svs2xnshx2hjl92mhknrw6b1j2fixj6-gnumake-4.4.1-info"
            }
          ],
          "store_path": "/nix/store/phxnsrf7p9ydqy9rzm1b2hgifj0sq2jf-gnumake-4.4.1"
        },
        "x86_64-linux": {
          "outputs": [
            {
              "name": "out",
              "path": "/nix/store/lg5s5rccg0b7kdlz9xmqmz3f2h89knxm-gnumake-4.4.1",
              "default": true
            },
            {
              "name": "man",
              "path": "/nix/store/gxnp20132z46q5imfhcbpqg4s1r57i70-gnumake-4.4.1-man",
              "default": true
            },
            {
              "name": "info",
              "path": "/nix/store/ja4k39ai5qn07i8z397b621cj5gbbswj-gnumake-4.4.1-info"
            },
            {
              "name": "debug",
              "path": "/nix/store/0m3pbrkq6srhqy3lghm5n6xbi60m1dx0-gnumake-4.4.1-debug"
            }
          ],
          "store_path": "/nix/store/lg5s5rccg0b7kdlz9xmqmz3f2h89knxm-gnumake-4.4.1"
        }
      }
    },
    "gnupg@latest": {
      "last_modified": "2025-02-07T11:26:36Z",
      "resolved": "github:NixOS/nixpkgs/d98abf5cf5914e5e4e9d57205e3af55ca90ffc1d#gnupg",
      "source": "devbox-search",
      "version": "2.4.7",
      "systems": {
        "aarch64-darwin": {
          "outputs": [
            {
              "name": "out",
              "path": "/nix/store/acj9dh5psznc6hm0m5y94f2g5a23qk8g-gnupg-2.4.7",
              "default": true
            }
          ],
          "store_path": "/nix/store/acj9dh5psznc6hm0m5y94f2g5a23qk8g-gnupg-2.4.7"
        },
        "aarch64-linux": {
          "outputs": [
            {
              "name": "out",
              "path": "/nix/store/0bm89s951hw7hng8adppiiz5bch332d9-gnupg-2.4.7",
              "default": true
            }
          ],
          "store_path": "/nix/store/0bm89s951hw7hng8adppiiz5bch332d9-gnupg-2.4.7"
        },
        "x86_64-darwin": {
          "outputs": [
            {
              "name": "out",
              "path": "/nix/store/lnjc0qfbbpnpzj7fq7y7agwpiyvhs803-gnupg-2.4.7",
              "default": true
            }
          ],
          "store_path": "/nix/store/lnjc0qfbbpnpzj7fq7y7agwpiyvhs803-gnupg-2.4.7"
        },
        "x86_64-linux": {
          "outputs": [
            {
              "name": "out",
              "path": "/nix/store/2c15y7xyc4c6p478frpjzv9mrb6i2fqb-gnupg-2.4.7",
              "default": true
            }
          ],
          "store_path": "/nix/store/2c15y7xyc4c6p478frpjzv9mrb6i2fqb-gnupg-2.4.7"
        }
      }
    },
    "libisoburn@latest": {
      "last_modified": "2025-07-20T07:42:04Z",
      "resolved": "github:NixOS/nixpkgs/7c688a0875df5a8c28a53fb55ae45e94eae0dddb#libisoburn",
      "source": "devbox-search",
      "version": "1.5.6",
      "systems": {
        "aarch64-darwin": {
          "outputs": [
            {
              "name": "out",
              "path": "/nix/store/9vppy6jcpf1wygpcsbzcwb2z09irhwgz-libisoburn-1.5.6",
              "default": true
            },
            {
              "name": "man",
              "path": "/nix/store/0yiafb18275jjrqrysvgx5a46apq0di5-libisoburn-1.5.6-man",
              "default": true
            },
            {
              "name": "dev",
              "path": "/nix/store/vcyw139ffyp7kl8ak17r2rs39vdjkr4c-libisoburn-1.5.6-dev"
            },
            {
              "name": "info",
              "path": "/nix/store/dy1zv95ykk6pd8zkx09hj96k1icnq5vy-libisoburn-1.5.6-info"
            },
            {
              "name": "lib",
              "path": "/nix/store/6piqgni7ygcha3n82v19al32n6k4fkp6-libisoburn-1.5.6-lib"
            }
          ],
          "store_path": "/nix/store/9vppy6jcpf1wygpcsbzcwb2z09irhwgz-libisoburn-1.5.6"
        },
        "aarch64-linux": {
          "outputs": [
            {
              "name": "out",
              "path": "/nix/store/pi1zzj5var3qp0k99rkbwidlxb6yhjdm-libisoburn-1.5.6",
              "default": true
            },
            {
              "name": "man",
              "path": "/nix/store/x1cr3vfz6f4hfkin2fq19nmmn9aycic0-libisoburn-1.5.6-man",
              "default": true
            },
            {
              "name": "lib",
              "path": "/nix/store/589vnv9gisfgxpga1d1cwrrb5qvjh26h-libisoburn-1.5.6-lib"
            },
            {
              "name": "dev",
              "path": "/nix/store/0ji7kj9gsr73h3kjisy77y8i0a066303-libisoburn-1.5.6-dev"
            },
            {
              "name": "info",
              "path": "/nix/store/28yq40sik6vhkzq2zyyg30l36jdpq9bn-libisoburn-1.5.6-info"
            }
          ],
          "store_path": "/nix/store/pi1zzj5var3qp0k99rkbwidlxb6yhjdm-libisoburn-1.5.6"
        },
        "x86_64-darwin": {
          "outputs": [
            {
              "name": "out",
              "path": "/nix/store/nf138ckg35cfp290v8mcmc2xkdxksm6m-libisoburn-1.5.6",
              "default": true
            },
            {
              "name": "man",
              "path": "/nix/store/kw7vnpdi85rnfql7b48ija25m8n78w50-libisoburn-1.5.6-man",
              "default": true
            },
            {
              "name": "dev",
              "path": "/nix/store/c1466xk40kpbd06gvv7ch9wj07fhl733-libisoburn-1.5.6-dev"
            },
            {
              "name": "info",
              "path": "/nix/store/lk4z2y86zkwksk2hd08dmxwrlsx1l7fr-libisoburn-1.5.6-info"
            },
            {
              "name": "lib",
              "path": "/nix/store/kblxc4czyjhbwnmkb4089w0mxs35a9dp-libisoburn-1.5.6-lib"
            }
          ],
          "store_path": "/nix/store/nf138ckg35cfp290v8mcmc2xkdxksm6m-libisoburn-1.5.6"
        },
        "x86_64-linux": {
          "outputs": [
            {
              "name": "out",
              "path": "/nix/store/830p22xjh5nlp4mar0nzxkf0apls4716-libisoburn-1.5.6",
              "default": true
            },
            {
              "name": "man",
              "path": "/nix/store/nr94p6yqp6wn39i2drfwf7465sz0j5l1-libisoburn-1.5.6-man",
              "default": true
            },
            {
              "name": "dev",
              "path": "/nix/store/fq3iwz805g0rrzhql9j81jnyxxgbj9qy-libisoburn-1.5.6-dev"
            },
            {
              "name": "info",
              "path": "/nix/store/ckx8kw873r8fhfydwigq5w7r4l045kn3-libisoburn-1.5.6-info"
            },
            {
              "name": "lib",
              "path": "/nix/store/18xmb6qi3fq6lglpxq59ymxb551hfrdl-libisoburn-1.5.6-lib"
            }
          ],
          "store_path": "/nix/store/830p22xjh5nlp4mar0nzxkf0apls4716-libisoburn-1.5.6"
        }
      }
    },
    "libvirt@latest": {
      "last_modified": "2025-02-13T13:03:05Z",
      "resolved": "github:NixOS/nixpkgs/1128e89fd5e11bb25aedbfc287733c6502202ea9#libvirt",
      "source": "devbox-search",
      "version": "10.10.0",
      "systems": {
        "aarch64-darwin": {
          "outputs": [
            {
              "name": "out",
              "path": "/nix/store/ygylldg5ysb0pyqhz9c1kdqrbm967bpi-libvirt-10.10.0",
              "default": true
            }
          ],
          "store_path": "/nix/store/ygylldg5ysb0pyqhz9c1kdqrbm967bpi-libvirt-10.10.0"
        },
        "aarch64-linux": {
          "outputs": [
            {
              "name": "out",
              "path": "/nix/store/rpyv8rf66cibinz3x9apkac38b0mkblw-libvirt-10.10.0",
              "default": true
            }
          ],
          "store_path": "/nix/store/rpyv8rf66cibinz3x9apkac38b0mkblw-libvirt-10.10.0"
        },
        "x86_64-darwin": {
          "outputs": [
            {
              "name": "out",
              "path": "/nix/store/cj6627azxpyc8yqj6mi4zaz01z86q84c-libvirt-10.10.0",
              "default": true
            }
          ],
          "store_path": "/nix/store/cj6627azxpyc8yqj6mi4zaz01z86q84c-libvirt-10.10.0"
        },
        "x86_64-linux": {
          "outputs": [
            {
              "name": "out",
              "path": "/nix/store/pnb6jkwigbrra1wphl7pbsy2salys0k9-libvirt-10.10.0",
              "default": true
            }
          ],
          "store_path": "/nix/store/pnb6jkwigbrra1wphl7pbsy2salys0k9-libvirt-10.10.0"
        }
      }
    },
    "python@3.12": {
      "last_modified": "2025-07-13T22:45:35Z",
      "plugin_version": "0.0.4",
      "resolved": "github:NixOS/nixpkgs/a421ac6595024edcfbb1ef950a3712b89161c359#python312",
      "source": "devbox-search",
      "version": "3.12.11",
      "systems": {
        "aarch64-darwin": {
          "outputs": [
            {
              "name": "out",
              "path": "/nix/store/a97d77dxagnddkn5484kfc2gyj3dcdnq-python3-3.12.11",
              "default": true
            }
          ],
          "store_path": "/nix/store/a97d77dxagnddkn5484kfc2gyj3dcdnq-python3-3.12.11"
        },
        "aarch64-linux": {
          "outputs": [
            {
              "name": "out",
              "path": "/nix/store/0psncrl7sy6gsbzcwcxi19nhm987xk1w-python3-3.12.11",
              "default": true
            },
            {
              "name": "debug",
              "path": "/nix/store/kgkgkq90m387sam8bc4p7ab3a96wd59a-python3-3.12.11-debug"
            }
          ],
          "store_path": "/nix/store/0psncrl7sy6gsbzcwcxi19nhm987xk1w-python3-3.12.11"
        },
        "x86_64-darwin": {
          "outputs": [
            {
              "name": "out",
              "path": "/nix/store/r8zs6n1yjghm89n62zid68bflz3252c2-python3-3.12.11",
              "default": true
            }
          ],
          "store_path": "/nix/store/r8zs6n1yjghm89n62zid68bflz3252c2-python3-3.12.11"
        },
        "x86_64-linux": {
          "outputs": [
            {
              "name": "out",
              "path": "/nix/store/gclk0nvp36gdc05v16ham4f86la5wnwi-python3-3.12.11",
              "default": true
            },
            {
              "name": "debug",
              "path": "/nix/store/vcfwifqcb82znj7bfg6vkljny8wsyc93-python3-3.12.11-debug"
            }
          ],
          "store_path": "/nix/store/gclk0nvp36gdc05v16ham4f86la5wnwi-python3-3.12.11"
        }
      }
    },
    "uv@latest": {
      "last_modified": "2025-07-18T03:30:42Z",
      "resolved": "github:NixOS/nixpkgs/e821e03193486359aa942372be2d9c1f377b7a18#uv",
      "source": "devbox-search",
      "version": "0.7.21",
      "systems": {
        "aarch64-darwin": {
          "outputs": [
            {
              "name": "out",
              "path": "/nix/store/m8b6znv7niifd5y81xiqskq9f6l24m59-uv-0.7.21",
              "default": true
            }
          ],
          "store_path": "/nix/store/m8b6znv7niifd5y81xiqskq9f6l24m59-uv-0.7.21"
        },
        "aarch64-linux": {
          "outputs": [
            {
              "name": "out",
              "path": "/nix/store/shp23a0fix121m5ww06s49lf8jv0j3l3-uv-0.7.21",
              "default": true
            }
          ],
          "store_path": "/nix/store/shp23a0fix121m5ww06s49lf8jv0j3l3-uv-0.7.21"
        },
        "x86_64-darwin": {
          "outputs": [
            {
              "name": "out",
              "path": "/nix/store/lhqpx3ih7s7i33hf2x2jk14394vwhdn3-uv-0.7.21",
              "default": true
            }
          ],
          "store_path": "/nix/store/lhqpx3ih7s7i33hf2x2jk14394vwhdn3-uv-0.7.21"
        },
        "x86_64-linux": {
          "outputs": [
            {
              "name": "out",
              "path": "/nix/store/9wbx1pv6ivjl2bpn018h5nbi1cxy9fkb-uv-0.7.21",
              "default": true
            }
          ],
          "store_path": "/nix/store/9wbx1pv6ivjl2bpn018h5nbi1cxy9fkb-uv-0.7.21"
        }
      }
    },
    "virt-viewer@latest": {
      "last_modified": "2025-07-20T07:42:04Z",
      "resolved": "github:NixOS/nixpkgs/7c688a0875df5a8c28a53fb55ae45e94eae0dddb#virt-viewer",
      "source": "devbox-search",
      "version": "11.0",
      "systems": {
        "aarch64-darwin": {
          "outputs": [
            {
              "name": "out",
              "path": "/nix/store/ih7dlpmqwibqafaz5v263m2k7qlvjhm8-virt-viewer-11.0",
              "default": true
            }
          ],
          "store_path": "/nix/store/ih7dlpmqwibqafaz5v263m2k7qlvjhm8-virt-viewer-11.0"
        },
        "aarch64-linux": {
          "outputs": [
            {
              "name": "out",
              "path": "/nix/store/gck92429h1aawh0i6dyd4ivw4zgjfpdi-virt-viewer-11.0",
              "default": true
            }
          ],
          "store_path": "/nix/store/gck92429h1aawh0i6dyd4ivw4zgjfpdi-virt-viewer-11.0"
        },
        "x86_64-darwin": {
          "outputs": [
            {
              "name": "out",
              "path": "/nix/store/g9b1zn70lrnl83xkyhjyn65l7zrjpqbc-virt-viewer-11.0",
              "default": true
            }
          ],
          "store_path": "/nix/store/g9b1zn70lrnl83xkyhjyn65l7zrjpqbc-virt-viewer-11.0"
        },
        "x86_64-linux": {
          "outputs": [
            {
              "name": "out",
              "path": "/nix/store/bcdxldrzg8qkdszx0gh4l0xxzyhmri79-virt-viewer-11.0",
              "default": true
            }
          ],
          "store_path": "/nix/store/bcdxldrzg8qkdszx0gh4l0xxzyhmri79-virt-viewer-11.0"
        }
      }
    },
    "xfsprogs@latest": {
      "last_modified": "2025-02-09T21:53:45Z",
      "resolved": "github:NixOS/nixpkgs/b2243f41e860ac85c0b446eadc6930359b294e79#xfsprogs",
      "source": "devbox-search",
      "version": "6.12.0",
      "systems": {
        "aarch64-linux": {
          "outputs": [
            {
              "name": "bin",
              "path": "/nix/store/d51bx9wwp1y0zgn4gxxs6yzis069lkrs-xfsprogs-6.12.0-bin",
              "default": true
            },
            {
              "name": "dev",
              "path": "/nix/store/drs5g5y0ppz4v6r249s893p3j2a6bzb3-xfsprogs-6.12.0-dev"
            },
            {
              "name": "doc",
              "path": "/nix/store/nhiq4l1jcvwa9sizypnxb467spmxrfn4-xfsprogs-6.12.0-doc"
            },
            {
              "name": "out",
              "path": "/nix/store/9diihqjkmh4ahdvl9cp3dxipc1pxyzmy-xfsprogs-6.12.0"
            }
          ],
          "store_path": "/nix/store/d51bx9wwp1y0zgn4gxxs6yzis069lkrs-xfsprogs-6.12.0-bin"
        },
        "x86_64-linux": {
          "outputs": [
            {
              "name": "bin",
              "path": "/nix/store/q80hcbamr2blysjxibw3ygf6y0vq5yr6-xfsprogs-6.12.0-bin",
              "default": true
            },
            {
              "name": "dev",
              "path": "/nix/store/9w04b4r3r0vzigvgia4kz08h7097psil-xfsprogs-6.12.0-dev"
            },
            {
              "name": "doc",
              "path": "/nix/store/c7ypn6m02bmi15fqvqc6wsxhi3kh5qbj-xfsprogs-6.12.0-doc"
            },
            {
              "name": "out",
              "path": "/nix/store/4xsqhji0bff54rj828y8yag11iv3nxvp-xfsprogs-6.12.0"
            }
          ],
          "store_path": "/nix/store/q80hcbamr2blysjxibw3ygf6y0vq5yr6-xfsprogs-6.12.0-bin"
        }
      }
    },
    "yq@latest": {
      "last_modified": "2025-02-07T11:26:36Z",
      "resolved": "github:NixOS/nixpkgs/d98abf5cf5914e5e4e9d57205e3af55ca90ffc1d#yq",
      "source": "devbox-search",
      "version": "3.4.3",
      "systems": {
        "aarch64-darwin": {
          "outputs": [
            {
              "name": "out",
              "path": "/nix/store/v9yy5v1c0apl97p0605cg7vci4qc93b9-python3.12-yq-3.4.3",
              "default": true
            },
            {
              "name": "dist",
              "path": "/nix/store/jf31iagabamjriagnhdh8v829bxp3x1l-python3.12-yq-3.4.3-dist"
            }
          ],
          "store_path": "/nix/store/v9yy5v1c0apl97p0605cg7vci4qc93b9-python3.12-yq-3.4.3"
        },
        "aarch64-linux": {
          "outputs": [
            {
              "name": "out",
              "path": "/nix/store/rxi4x0wfz4rbb5lxyzz6jddpfxv3pkdn-python3.12-yq-3.4.3",
              "default": true
            },
            {
              "name": "dist",
              "path": "/nix/store/j38zha42fr87gnm7jx2gib078d36827m-python3.12-yq-3.4.3-dist"
            }
          ],
          "store_path": "/nix/store/rxi4x0wfz4rbb5lxyzz6jddpfxv3pkdn-python3.12-yq-3.4.3"
        },
        "x86_64-darwin": {
          "outputs": [
            {
              "name": "out",
              "path": "/nix/store/p7xdd6sx4gnf5xcrcdygdfdrj2q9kmry-python3.12-yq-3.4.3",
              "default": true
            },
            {
              "name": "dist",
              "path": "/nix/store/0mwlgnimbymqwzw7vj19krh6160lsv08-python3.12-yq-3.4.3-dist"
            }
          ],
          "store_path": "/nix/store/p7xdd6sx4gnf5xcrcdygdfdrj2q9kmry-python3.12-yq-3.4.3"
        },
        "x86_64-linux": {
          "outputs": [
            {
              "name": "out",
              "path": "/nix/store/31lnsrjsmydz1ar463m9xmj2qwgqvqg0-python3.12-yq-3.4.3",
              "default": true
            },
            {
              "name": "dist",
              "path": "/nix/store/8rdx32agz74pgxwj1drfbykcyxrxifwk-python3.12-yq-3.4.3-dist"
            }
          ],
          "store_path": "/nix/store/31lnsrjsmydz1ar463m9xmj2qwgqvqg0-python3.12-yq-3.4.3"
        }
      }
    }
  }
}
