{
  "lockfile_version": "1",
  "packages": {
    "expect@latest": {
      "last_modified": "2026-03-21T07:29:51Z",
      "resolved": "github:NixOS/nixpkgs/09061f748ee21f68a089cd5d91ec1859cd93d0be#expect",
      "source": "devbox-search",
      "version": "5.45.4",
      "systems": {
        "aarch64-darwin": {
          "outputs": [
            {
              "name": "out",
              "path": "/nix/store/lrk571w1vxgkkcjn12gs3182qy18ak59-expect-5.45.4",
              "default": true
            },
            {
              "name": "dev",
              "path": "/nix/store/q9c5h62c44k1lr146n3wm8q84sy9vf6z-expect-5.45.4-dev"
            }
          ],
          "store_path": "/nix/store/lrk571w1vxgkkcjn12gs3182qy18ak59-expect-5.45.4"
        },
        "aarch64-linux": {
          "outputs": [
            {
              "name": "out",
              "path": "/nix/store/cwn4rl4snnsnna6zjnp922vy360y3rij-expect-5.45.4",
              "default": true
            },
            {
              "name": "dev",
              "path": "/nix/store/w5pkldf3clxnfp6xhyv188c1yka81xka-expect-5.45.4-dev"
            }
          ],
          "store_path": "/nix/store/cwn4rl4snnsnna6zjnp922vy360y3rij-expect-5.45.4"
        },
        "x86_64-darwin": {
          "outputs": [
            {
              "name": "out",
              "path": "/nix/store/yk3dggfaig61la9vymagmdg1bvad1b2a-expect-5.45.4",
              "default": true
            },
            {
              "name": "dev",
              "path": "/nix/store/g5dgvpckr6gf502yxa5gc71l5ijrgfg8-expect-5.45.4-dev"
            }
          ],
          "store_path": "/nix/store/yk3dggfaig61la9vymagmdg1bvad1b2a-expect-5.45.4"
        },
        "x86_64-linux": {
          "outputs": [
            {
              "name": "out",
              "path": "/nix/store/qfl6ikmf9f8ss3y9kw5a9pkwp7j2x2gx-expect-5.45.4",
              "default": true
            },
            {
              "name": "dev",
              "path": "/nix/store/g3whan4mvanvj9x5lz1bwaqi3giwd538-expect-5.45.4-dev"
            }
          ],
          "store_path": "/nix/store/qfl6ikmf9f8ss3y9kw5a9pkwp7j2x2gx-expect-5.45.4"
        }
      }
    },
    "git@latest": {
      "last_modified": "2026-03-21T07:29:51Z",
      "resolved": "github:NixOS/nixpkgs/09061f748ee21f68a089cd5d91ec1859cd93d0be#git",
      "source": "devbox-search",
      "version": "2.53.0",
      "systems": {
        "aarch64-darwin": {
          "outputs": [
            {
              "name": "out",
              "path": "/nix/store/6qbj40r0s289k5slmy8yna5x2hfz01wg-git-2.53.0",
              "default": true
            },
            {
              "name": "doc",
              "path": "/nix/store/xp9w7bcl4c78268kn82qdayqglj0zdxa-git-2.53.0-doc"
            }
          ],
          "store_path": "/nix/store/6qbj40r0s289k5slmy8yna5x2hfz01wg-git-2.53.0"
        },
        "aarch64-linux": {
          "outputs": [
            {
              "name": "out",
              "path": "/nix/store/0vbb6j0ppx1w8cw28h7w8s2dzla9j3m6-git-2.53.0",
              "default": true
            },
            {
              "name": "debug",
              "path": "/nix/store/gaj4q67pid2pcy9nvh2ysv4728wxj5m4-git-2.53.0-debug"
            },
            {
              "name": "doc",
              "path": "/nix/store/9mrg9g0w2b4cfdppq3n4zvhkvyixvqpx-git-2.53.0-doc"
            }
          ],
          "store_path": "/nix/store/0vbb6j0ppx1w8cw28h7w8s2dzla9j3m6-git-2.53.0"
        },
        "x86_64-darwin": {
          "outputs": [
            {
              "name": "out",
              "path": "/nix/store/2q2hzaclp1rsj65h21lng7wa26vawhnq-git-2.53.0",
              "default": true
            },
            {
              "name": "doc",
              "path": "/nix/store/yi2mi426la2x7rggv0a0ah11s2dangz4-git-2.53.0-doc"
            }
          ],
          "store_path": "/nix/store/2q2hzaclp1rsj65h21lng7wa26vawhnq-git-2.53.0"
        },
        "x86_64-linux": {
          "outputs": [
            {
              "name": "out",
              "path": "/nix/store/7yvcckar1lzhqnr0xx2n19nsdjd4qa4d-git-2.53.0",
              "default": true
            },
            {
              "name": "debug",
              "path": "/nix/store/9xs1n97fsdbgnk8cxbdx3hqlz6fdaynb-git-2.53.0-debug"
            },
            {
              "name": "doc",
              "path": "/nix/store/rv7cz5lz1qmbdnh3zrpv0j0wa5ivaacq-git-2.53.0-doc"
            }
          ],
          "store_path": "/nix/store/7yvcckar1lzhqnr0xx2n19nsdjd4qa4d-git-2.53.0"
        }
      }
    },
    "github:NixOS/nixpkgs/nixpkgs-unstable": {
      "last_modified": "2026-03-23T13:48:00Z",
      "resolved": "github:NixOS/nixpkgs/fdc7b8f7b30fdbedec91b71ed82f36e1637483ed?lastModified=1774273680"
    },
    "gnumake@latest": {
      "last_modified": "2026-03-23T13:48:00Z",
      "resolved": "github:NixOS/nixpkgs/fdc7b8f7b30fdbedec91b71ed82f36e1637483ed#gnumake",
      "source": "devbox-search",
      "version": "4.4.1",
      "systems": {
        "aarch64-darwin": {
          "outputs": [
            {
              "name": "out",
              "path": "/nix/store/y40n7jzzy9qydb120kxgbzi55mprbkfm-gnumake-4.4.1",
              "default": true
            },
            {
              "name": "man",
              "path": "/nix/store/b2y9y7i57sml44mk7wl4ba8wr8adgavs-gnumake-4.4.1-man",
              "default": true
            },
            {
              "name": "info",
              "path": "/nix/store/xynyfhcn9r7jd4iakdr71yb6grabjgf7-gnumake-4.4.1-info"
            },
            {
              "name": "doc",
              "path": "/nix/store/hb81l6za1swj09szhxj902bjf9b9cwzc-gnumake-4.4.1-doc"
            }
          ],
          "store_path": "/nix/store/y40n7jzzy9qydb120kxgbzi55mprbkfm-gnumake-4.4.1"
        },
        "aarch64-linux": {
          "outputs": [
            {
              "name": "out",
              "path": "/nix/store/j8hf0sbds6y5il4vb2bz3rx0xivmnsl1-gnumake-4.4.1",
              "default": true
            },
            {
              "name": "man",
              "path": "/nix/store/j4psv3ifmnw0wa8p38rxv5k6vskz4wcs-gnumake-4.4.1-man",
              "default": true
            },
            {
              "name": "debug",
              "path": "/nix/store/px43zlq4bz3zjmc91b6wb6949c8dfxvi-gnumake-4.4.1-debug"
            },
            {
              "name": "doc",
              "path": "/nix/store/jhss2k9jczl72jk284kvaj9303yvylwy-gnumake-4.4.1-doc"
            },
            {
              "name": "info",
              "path": "/nix/store/1qf6j3yza10lw1iy9w0qm9gliqzfw6xk-gnumake-4.4.1-info"
            }
          ],
          "store_path": "/nix/store/j8hf0sbds6y5il4vb2bz3rx0xivmnsl1-gnumake-4.4.1"
        },
        "x86_64-darwin": {
          "outputs": [
            {
              "name": "out",
              "path": "/nix/store/bijx0sq7avqq7apvqsfb3lmza97lpcxz-gnumake-4.4.1",
              "default": true
            },
            {
              "name": "man",
              "path": "/nix/store/r2qnj53aynk05zan3z2j960klx7085dq-gnumake-4.4.1-man",
              "default": true
            },
            {
              "name": "doc",
              "path": "/nix/store/2fz6r9nchhyn4i7f9gg5assx9ld2j3mm-gnumake-4.4.1-doc"
            },
            {
              "name": "info",
              "path": "/nix/store/h0jgx7zbyyvhcj0lq0la6siv4d3bl9xa-gnumake-4.4.1-info"
            }
          ],
          "store_path": "/nix/store/bijx0sq7avqq7apvqsfb3lmza97lpcxz-gnumake-4.4.1"
        },
        "x86_64-linux": {
          "outputs": [
            {
              "name": "out",
              "path": "/nix/store/45npani18v2m7sbkrzrv2xyilyghrny9-gnumake-4.4.1",
              "default": true
            },
            {
              "name": "man",
              "path": "/nix/store/p75qwzzsxdhpnhdjx4fbjy20p9qxp326-gnumake-4.4.1-man",
              "default": true
            },
            {
              "name": "debug",
              "path": "/nix/store/bzap48lhfqcjczhj2ry3gwqjh9klkgxf-gnumake-4.4.1-debug"
            },
            {
              "name": "doc",
              "path": "/nix/store/0jx03f9vis4zp8b7s2ybp9anlgk68ihy-gnumake-4.4.1-doc"
            },
            {
              "name": "info",
              "path": "/nix/store/pbs6fhcn3gjr6x9fzdlk0kwqg1m5gk5g-gnumake-4.4.1-info"
            }
          ],
          "store_path": "/nix/store/45npani18v2m7sbkrzrv2xyilyghrny9-gnumake-4.4.1"
        }
      }
    },
    "gnupg@latest": {
      "last_modified": "2026-03-21T07:29:51Z",
      "resolved": "github:NixOS/nixpkgs/09061f748ee21f68a089cd5d91ec1859cd93d0be#gnupg",
      "source": "devbox-search",
      "version": "2.4.9",
      "systems": {
        "aarch64-darwin": {
          "outputs": [
            {
              "name": "out",
              "path": "/nix/store/cs7lsq42sjhxki6hbpapsd518097rrvb-gnupg-2.4.9",
              "default": true
            },
            {
              "name": "man",
              "path": "/nix/store/7m0pqa5sm0vqwkd2f0kk6xvdk6dksdz0-gnupg-2.4.9-man",
              "default": true
            },
            {
              "name": "doc",
              "path": "/nix/store/8a8rlryb703asckbj0iaivvjqywnyir8-gnupg-2.4.9-doc"
            },
            {
              "name": "info",
              "path": "/nix/store/rimn473sfdpj5q9njxgkl0hppfaq7sgz-gnupg-2.4.9-info"
            }
          ],
          "store_path": "/nix/store/cs7lsq42sjhxki6hbpapsd518097rrvb-gnupg-2.4.9"
        },
        "aarch64-linux": {
          "outputs": [
            {
              "name": "out",
              "path": "/nix/store/z1r3l32v6rpwpf3dvx7ngv625fivwzaa-gnupg-2.4.9",
              "default": true
            },
            {
              "name": "man",
              "path": "/nix/store/cxfrc2wpz5zmn5xy3q9m96r2pbvdz6gk-gnupg-2.4.9-man",
              "default": true
            },
            {
              "name": "doc",
              "path": "/nix/store/sj0q900121b4hb5rn45qr60clraxp886-gnupg-2.4.9-doc"
            },
            {
              "name": "info",
              "path": "/nix/store/lb4z9akp344ank4dchr1vgmzwncmjlwy-gnupg-2.4.9-info"
            }
          ],
          "store_path": "/nix/store/z1r3l32v6rpwpf3dvx7ngv625fivwzaa-gnupg-2.4.9"
        },
        "x86_64-darwin": {
          "outputs": [
            {
              "name": "out",
              "path": "/nix/store/3d6ka64a21n4yvvd5ysbd967qm7gjr0w-gnupg-2.4.9",
              "default": true
            },
            {
              "name": "man",
              "path": "/nix/store/bkgibfda9z8bg8w83m4jvzwxkm49cd50-gnupg-2.4.9-man",
              "default": true
            },
            {
              "name": "doc",
              "path": "/nix/store/yawz04xxv4bapm0b6rgykvkv7yihgmwb-gnupg-2.4.9-doc"
            },
            {
              "name": "info",
              "path": "/nix/store/dgfpk4s7lc7dckf1hvq1bpbl14wymqij-gnupg-2.4.9-info"
            }
          ],
          "store_path": "/nix/store/3d6ka64a21n4yvvd5ysbd967qm7gjr0w-gnupg-2.4.9"
        },
        "x86_64-linux": {
          "outputs": [
            {
              "name": "out",
              "path": "/nix/store/k4d44dcjlqp3xr849x985myp0slfhp9n-gnupg-2.4.9",
              "default": true
            },
            {
              "name": "man",
              "path": "/nix/store/ml9rcdyzh2ys3wndjrc8ykf7l5qph94a-gnupg-2.4.9-man",
              "default": true
            },
            {
              "name": "doc",
              "path": "/nix/store/b34c8zh8zjaaancqnra7n2ds46g3dh1l-gnupg-2.4.9-doc"
            },
            {
              "name": "info",
              "path": "/nix/store/gv5rdjg6ajfdf8y6ffc5j6lqpxmk811z-gnupg-2.4.9-info"
            }
          ],
          "store_path": "/nix/store/k4d44dcjlqp3xr849x985myp0slfhp9n-gnupg-2.4.9"
        }
      }
    },
    "libisoburn@latest": {
      "last_modified": "2026-03-23T13:48:00Z",
      "resolved": "github:NixOS/nixpkgs/fdc7b8f7b30fdbedec91b71ed82f36e1637483ed#libisoburn",
      "source": "devbox-search",
      "version": "1.5.6",
      "systems": {
        "aarch64-darwin": {
          "outputs": [
            {
              "name": "out",
              "path": "/nix/store/1i3g9zxkl72d7mcbi5d7v7vaf6s3ibk7-libisoburn-1.5.6",
              "default": true
            },
            {
              "name": "man",
              "path": "/nix/store/nr1r1lr9srrfpgspaypm2x7l8p6ibnjk-libisoburn-1.5.6-man",
              "default": true
            },
            {
              "name": "dev",
              "path": "/nix/store/ci2brqagdcnbsvxrsjwgh8wc9rjlvx7m-libisoburn-1.5.6-dev"
            },
            {
              "name": "info",
              "path": "/nix/store/vf4whigfy1vzz43szfym2mzb22fvbw6h-libisoburn-1.5.6-info"
            },
            {
              "name": "lib",
              "path": "/nix/store/qimp3lqi0k72bdacva5gzw77h84sjagp-libisoburn-1.5.6-lib"
            }
          ],
          "store_path": "/nix/store/1i3g9zxkl72d7mcbi5d7v7vaf6s3ibk7-libisoburn-1.5.6"
        },
        "aarch64-linux": {
          "outputs": [
            {
              "name": "out",
              "path": "/nix/store/a8zhq4bvs7q08szw98r3csjlpfwxy9c8-libisoburn-1.5.6",
              "default": true
            },
            {
              "name": "man",
              "path": "/nix/store/0nv1vaz5i9wiqsmd4027kkpkx2zr4hvi-libisoburn-1.5.6-man",
              "default": true
            },
            {
              "name": "dev",
              "path": "/nix/store/i7j6jll6l01dkl3cgq5kv7q3xvsyf2s1-libisoburn-1.5.6-dev"
            },
            {
              "name": "info",
              "path": "/nix/store/96pbwmqgml7kcirc6i84f69wpjpg0n17-libisoburn-1.5.6-info"
            },
            {
              "name": "lib",
              "path": "/nix/store/6w00lrvxb8c9kakakgihn4yfk9h0zwdb-libisoburn-1.5.6-lib"
            }
          ],
          "store_path": "/nix/store/a8zhq4bvs7q08szw98r3csjlpfwxy9c8-libisoburn-1.5.6"
        },
        "x86_64-darwin": {
          "outputs": [
            {
              "name": "out",
              "path": "/nix/store/rn5xygsgx5pnhlhsxhbl38i56w4cb0my-libisoburn-1.5.6",
              "default": true
            },
            {
              "name": "man",
              "path": "/nix/store/g6kmwla9lcz3510n7y0cvjs1drgkddpm-libisoburn-1.5.6-man",
              "default": true
            },
            {
              "name": "dev",
              "path": "/nix/store/jki2nx7kmnswi15pbg89chbh6s0l1b8g-libisoburn-1.5.6-dev"
            },
            {
              "name": "info",
              "path": "/nix/store/inbv15373rnnc20p7mm1ziiy6zfjf5yp-libisoburn-1.5.6-info"
            },
            {
              "name": "lib",
              "path": "/nix/store/6s06a5jr30ywpqq9ppb6v87fw4ax0kxr-libisoburn-1.5.6-lib"
            }
          ],
          "store_path": "/nix/store/rn5xygsgx5pnhlhsxhbl38i56w4cb0my-libisoburn-1.5.6"
        },
        "x86_64-linux": {
          "outputs": [
            {
              "name": "out",
              "path": "/nix/store/wz473lgmwps4kcj5ahz21qlfhwzhy3xq-libisoburn-1.5.6",
              "default": true
            },
            {
              "name": "man",
              "path": "/nix/store/80g4702nif52hdic3dlf8f9da6bbs29r-libisoburn-1.5.6-man",
              "default": true
            },
            {
              "name": "lib",
              "path": "/nix/store/jl790xzq46ayrry109gkz48i2bqdm1vm-libisoburn-1.5.6-lib"
            },
            {
              "name": "dev",
              "path": "/nix/store/miw70004qh7rg1p2s718h2zpz101r3b9-libisoburn-1.5.6-dev"
            },
            {
              "name": "info",
              "path": "/nix/store/h7gqbbvqx873jr4lvy02l32ly7jm1p9v-libisoburn-1.5.6-info"
            }
          ],
          "store_path": "/nix/store/wz473lgmwps4kcj5ahz21qlfhwzhy3xq-libisoburn-1.5.6"
        }
      }
    },
    "uv@latest": {
      "last_modified": "2026-03-21T07:29:51Z",
      "resolved": "github:NixOS/nixpkgs/09061f748ee21f68a089cd5d91ec1859cd93d0be#uv",
      "source": "devbox-search",
      "version": "0.10.12",
      "systems": {
        "aarch64-darwin": {
          "outputs": [
            {
              "name": "out",
              "path": "/nix/store/zcd77xfahbcdc41k8d5p4hhbancz100l-uv-0.10.12",
              "default": true
            }
          ],
          "store_path": "/nix/store/zcd77xfahbcdc41k8d5p4hhbancz100l-uv-0.10.12"
        },
        "aarch64-linux": {
          "outputs": [
            {
              "name": "out",
              "path": "/nix/store/wchd5l7v310s5z7gi0lbpihaqs8rl7n3-uv-0.10.12",
              "default": true
            }
          ],
          "store_path": "/nix/store/wchd5l7v310s5z7gi0lbpihaqs8rl7n3-uv-0.10.12"
        },
        "x86_64-darwin": {
          "outputs": [
            {
              "name": "out",
              "path": "/nix/store/d2anink1srzzfnlil4b9f1qafcjk578w-uv-0.10.12",
              "default": true
            }
          ],
          "store_path": "/nix/store/d2anink1srzzfnlil4b9f1qafcjk578w-uv-0.10.12"
        },
        "x86_64-linux": {
          "outputs": [
            {
              "name": "out",
              "path": "/nix/store/gy92vs7xlhzmic3gjc3dma33nagzdikp-uv-0.10.12",
              "default": true
            }
          ],
          "store_path": "/nix/store/gy92vs7xlhzmic3gjc3dma33nagzdikp-uv-0.10.12"
        }
      }
    },
    "xfsprogs@latest": {
      "last_modified": "2026-03-21T07:29:51Z",
      "resolved": "github:NixOS/nixpkgs/09061f748ee21f68a089cd5d91ec1859cd93d0be#xfsprogs",
      "source": "devbox-search",
      "version": "6.17.0",
      "systems": {
        "aarch64-linux": {
          "outputs": [
            {
              "name": "bin",
              "path": "/nix/store/cgnhl2bs5i6ffszphi0m669z2gzmia1n-xfsprogs-6.17.0-bin",
              "default": true
            },
            {
              "name": "man",
              "path": "/nix/store/hjsxhxqmmik1g1ga2fraiyxvw9r88y58-xfsprogs-6.17.0-man",
              "default": true
            },
            {
              "name": "doc",
              "path": "/nix/store/g84hm8qfbkir10fa7rsmvkh9127g6zxh-xfsprogs-6.17.0-doc"
            },
            {
              "name": "out",
              "path": "/nix/store/7n5d00f3g52i7xrhlqjyhw9b3g2psani-xfsprogs-6.17.0"
            },
            {
              "name": "dev",
              "path": "/nix/store/mhp82p25mj4r4z2cb4mmaca5j3vw904v-xfsprogs-6.17.0-dev"
            }
          ],
          "store_path": "/nix/store/cgnhl2bs5i6ffszphi0m669z2gzmia1n-xfsprogs-6.17.0-bin"
        },
        "x86_64-linux": {
          "outputs": [
            {
              "name": "bin",
              "path": "/nix/store/rfscwhbbw95lwyd6l534ax1gqvwxm8zi-xfsprogs-6.17.0-bin",
              "default": true
            },
            {
              "name": "man",
              "path": "/nix/store/d2vs8669z4bpaz9bwraa4r09z4kqcmr2-xfsprogs-6.17.0-man",
              "default": true
            },
            {
              "name": "dev",
              "path": "/nix/store/y1chxcidqwbzkqgvmhp6mhxcqf76xykp-xfsprogs-6.17.0-dev"
            },
            {
              "name": "doc",
              "path": "/nix/store/sgpdmjbih5irhm7wij9iz0iprchyfs43-xfsprogs-6.17.0-doc"
            },
            {
              "name": "out",
              "path": "/nix/store/2r7smscisl0bgjwxybca9b2clfgw7mjq-xfsprogs-6.17.0"
            }
          ],
          "store_path": "/nix/store/rfscwhbbw95lwyd6l534ax1gqvwxm8zi-xfsprogs-6.17.0-bin"
        }
      }
    },
    "yq@latest": {
      "last_modified": "2026-03-21T07:29:51Z",
      "resolved": "github:NixOS/nixpkgs/09061f748ee21f68a089cd5d91ec1859cd93d0be#yq",
      "source": "devbox-search",
      "version": "3.4.3",
      "systems": {
        "aarch64-darwin": {
          "outputs": [
            {
              "name": "out",
              "path": "/nix/store/8p6fw71222d730dkdjvjp17ab9hrq466-python3.13-yq-3.4.3",
              "default": true
            },
            {
              "name": "dist",
              "path": "/nix/store/p8awrk5bmyi5jkxnyz237rq8z42bchar-python3.13-yq-3.4.3-dist"
            }
          ],
          "store_path": "/nix/store/8p6fw71222d730dkdjvjp17ab9hrq466-python3.13-yq-3.4.3"
        },
        "aarch64-linux": {
          "outputs": [
            {
              "name": "out",
              "path": "/nix/store/ric7npvm1igns3jvfbn6w0n8xfxcf2f3-python3.13-yq-3.4.3",
              "default": true
            },
            {
              "name": "dist",
              "path": "/nix/store/hr960lapix8km6a0ywgcpsl2w03h4ss9-python3.13-yq-3.4.3-dist"
            }
          ],
          "store_path": "/nix/store/ric7npvm1igns3jvfbn6w0n8xfxcf2f3-python3.13-yq-3.4.3"
        },
        "x86_64-darwin": {
          "outputs": [
            {
              "name": "out",
              "path": "/nix/store/isc6nca4pfdnv5s1bqr6gbs7kmx947f2-python3.13-yq-3.4.3",
              "default": true
            },
            {
              "name": "dist",
              "path": "/nix/store/qp976mn0ahcdfdzvyvg8pd8y2r8973cr-python3.13-yq-3.4.3-dist"
            }
          ],
          "store_path": "/nix/store/isc6nca4pfdnv5s1bqr6gbs7kmx947f2-python3.13-yq-3.4.3"
        },
        "x86_64-linux": {
          "outputs": [
            {
              "name": "out",
              "path": "/nix/store/ds88l6b47h9r5g10c0q83damcrjn629j-python3.13-yq-3.4.3",
              "default": true
            },
            {
              "name": "dist",
              "path": "/nix/store/n15avq96k2pk2fq4vn3ncr3c7qp0g9s5-python3.13-yq-3.4.3-dist"
            }
          ],
          "store_path": "/nix/store/ds88l6b47h9r5g10c0q83damcrjn629j-python3.13-yq-3.4.3"
        }
      }
    }
  }
}
